// !$*UTF8*$!
{
	archiveVersion = 1;
	classes = {
	};
	objectVersion = 50;
	objects = {

/* Begin PBXBuildFile section */
		281C368B2478C218006539AD /* HikeView.swift in Sources */ = {isa = PBXBuildFile; fileRef = 281C368A2478C218006539AD /* HikeView.swift */; };
		281C368D2478C23F006539AD /* Hike.swift in Sources */ = {isa = PBXBuildFile; fileRef = 281C368C2478C23F006539AD /* Hike.swift */; };
		281C368F2478C26D006539AD /* HikeGraph.swift in Sources */ = {isa = PBXBuildFile; fileRef = 281C368E2478C26D006539AD /* HikeGraph.swift */; };
		281C36912478C290006539AD /* HikeDetail.swift in Sources */ = {isa = PBXBuildFile; fileRef = 281C36902478C290006539AD /* HikeDetail.swift */; };
		281C36932478C2EE006539AD /* hikeData.json in Resources */ = {isa = PBXBuildFile; fileRef = 281C36922478C2EE006539AD /* hikeData.json */; };
		281C36952478C323006539AD /* GraphCapsule.swift in Sources */ = {isa = PBXBuildFile; fileRef = 281C36942478C323006539AD /* GraphCapsule.swift */; };
		281C36982478C6BB006539AD /* CategoryHome.swift in Sources */ = {isa = PBXBuildFile; fileRef = 281C36972478C6BB006539AD /* CategoryHome.swift */; };
		281C369A2478C8BA006539AD /* CategoryRow.swift in Sources */ = {isa = PBXBuildFile; fileRef = 281C36992478C8BA006539AD /* CategoryRow.swift */; };
		281C369C2478CB7C006539AD /* CategoryItem.swift in Sources */ = {isa = PBXBuildFile; fileRef = 281C369B2478CB7C006539AD /* CategoryItem.swift */; };
		281C369E2478CC4D006539AD /* FeaturedLandmarks.swift in Sources */ = {isa = PBXBuildFile; fileRef = 281C369D2478CC4D006539AD /* FeaturedLandmarks.swift */; };
		281C36A12478DCD0006539AD /* ProfileHost.swift in Sources */ = {isa = PBXBuildFile; fileRef = 281C36A02478DCD0006539AD /* ProfileHost.swift */; };
		281C36A32478DD64006539AD /* Profile.swift in Sources */ = {isa = PBXBuildFile; fileRef = 281C36A22478DD64006539AD /* Profile.swift */; };
		281C36A52478DDF4006539AD /* ProfileSummary.swift in Sources */ = {isa = PBXBuildFile; fileRef = 281C36A42478DDF4006539AD /* ProfileSummary.swift */; };
		281C36A72478DF8C006539AD /* HikeBadge.swift in Sources */ = {isa = PBXBuildFile; fileRef = 281C36A62478DF8C006539AD /* HikeBadge.swift */; };
		283986C222B1A5F00027DE25 /* AppDelegate.swift in Sources */ = {isa = PBXBuildFile; fileRef = 283986C122B1A5F00027DE25 /* AppDelegate.swift */; };
		283986C422B1A5F00027DE25 /* SceneDelegate.swift in Sources */ = {isa = PBXBuildFile; fileRef = 283986C322B1A5F00027DE25 /* SceneDelegate.swift */; };
		283986C622B1A5F00027DE25 /* LandmarkDetail.swift in Sources */ = {isa = PBXBuildFile; fileRef = 283986C522B1A5F00027DE25 /* LandmarkDetail.swift */; };
		283986C822B1A5F30027DE25 /* Assets.xcassets in Resources */ = {isa = PBXBuildFile; fileRef = 283986C722B1A5F30027DE25 /* Assets.xcassets */; };
		283986CB22B1A5F30027DE25 /* Preview Assets.xcassets in Resources */ = {isa = PBXBuildFile; fileRef = 283986CA22B1A5F30027DE25 /* Preview Assets.xcassets */; };
		283986CE22B1A5F30027DE25 /* LaunchScreen.storyboard in Resources */ = {isa = PBXBuildFile; fileRef = 283986CC22B1A5F30027DE25 /* LaunchScreen.storyboard */; };
		283986D922B1A5F30027DE25 /* SwiftUITestTests.swift in Sources */ = {isa = PBXBuildFile; fileRef = 283986D822B1A5F30027DE25 /* SwiftUITestTests.swift */; };
		283986E422B1A5F30027DE25 /* SwiftUITestUITests.swift in Sources */ = {isa = PBXBuildFile; fileRef = 283986E322B1A5F30027DE25 /* SwiftUITestUITests.swift */; };
		283986F222B1E54C0027DE25 /* CircleImage.swift in Sources */ = {isa = PBXBuildFile; fileRef = 283986F122B1E54C0027DE25 /* CircleImage.swift */; };
		283986F422B1E6300027DE25 /* MapView.swift in Sources */ = {isa = PBXBuildFile; fileRef = 283986F322B1E6300027DE25 /* MapView.swift */; };
		284FCBBB2479612D00CE3C58 /* ProfileEditor.swift in Sources */ = {isa = PBXBuildFile; fileRef = 284FCBBA2479612D00CE3C58 /* ProfileEditor.swift */; };
		289C6A882479A36A00D7F27D /* PageViewController.swift in Sources */ = {isa = PBXBuildFile; fileRef = 289C6A872479A36A00D7F27D /* PageViewController.swift */; };
		289C6A8A2479A46E00D7F27D /* PageView.swift in Sources */ = {isa = PBXBuildFile; fileRef = 289C6A892479A46E00D7F27D /* PageView.swift */; };
		289C6A8C2479A7D700D7F27D /* FeatureCard.swift in Sources */ = {isa = PBXBuildFile; fileRef = 289C6A8B2479A7D700D7F27D /* FeatureCard.swift */; };
		289C6A8E2479B40600D7F27D /* PageControl.swift in Sources */ = {isa = PBXBuildFile; fileRef = 289C6A8D2479B40600D7F27D /* PageControl.swift */; };
		D80231542468B50B00B0E527 /* UserData.swift in Sources */ = {isa = PBXBuildFile; fileRef = D80231532468B50B00B0E527 /* UserData.swift */; };
		D80231572468E46D00B0E527 /* BadgeBackground.swift in Sources */ = {isa = PBXBuildFile; fileRef = D80231562468E46D00B0E527 /* BadgeBackground.swift */; };
		D80231592468E4A400B0E527 /* HexagonParameters.swift in Sources */ = {isa = PBXBuildFile; fileRef = D80231582468E4A400B0E527 /* HexagonParameters.swift */; };
		D802315B2468EBC600B0E527 /* Badge.swift in Sources */ = {isa = PBXBuildFile; fileRef = D802315A2468EBC600B0E527 /* Badge.swift */; };
		D802315D2468EBEC00B0E527 /* BadgeSymbol.swift in Sources */ = {isa = PBXBuildFile; fileRef = D802315C2468EBEC00B0E527 /* BadgeSymbol.swift */; };
		D802315F2468ECF800B0E527 /* RotatedBadgeSymbol.swift in Sources */ = {isa = PBXBuildFile; fileRef = D802315E2468ECF800B0E527 /* RotatedBadgeSymbol.swift */; };
		D80231622468F0A800B0E527 /* Test.swift in Sources */ = {isa = PBXBuildFile; fileRef = D80231612468F0A800B0E527 /* Test.swift */; };
		D859DD082467B31100BF77D5 /* Landmark.swift in Sources */ = {isa = PBXBuildFile; fileRef = D859DD072467B31100BF77D5 /* Landmark.swift */; };
		D859DD0A2467B48C00BF77D5 /* Data.swift in Sources */ = {isa = PBXBuildFile; fileRef = D859DD092467B48C00BF77D5 /* Data.swift */; };
		D859DD192467B4F700BF77D5 /* silversalmoncreek.jpg in Resources */ = {isa = PBXBuildFile; fileRef = D859DD0C2467B4F600BF77D5 /* silversalmoncreek.jpg */; };
		D859DD1A2467B4F700BF77D5 /* rainbowlake.jpg in Resources */ = {isa = PBXBuildFile; fileRef = D859DD0D2467B4F600BF77D5 /* rainbowlake.jpg */; };
		D859DD1B2467B4F700BF77D5 /* chilkoottrail.jpg in Resources */ = {isa = PBXBuildFile; fileRef = D859DD0E2467B4F600BF77D5 /* chilkoottrail.jpg */; };
		D859DD1C2467B4F700BF77D5 /* twinlake.jpg in Resources */ = {isa = PBXBuildFile; fileRef = D859DD0F2467B4F600BF77D5 /* twinlake.jpg */; };
		D859DD1D2467B4F700BF77D5 /* turtlerock.jpg in Resources */ = {isa = PBXBuildFile; fileRef = D859DD102467B4F700BF77D5 /* turtlerock.jpg */; };
		D859DD1E2467B4F700BF77D5 /* chincoteague.jpg in Resources */ = {isa = PBXBuildFile; fileRef = D859DD112467B4F700BF77D5 /* chincoteague.jpg */; };
		D859DD1F2467B4F700BF77D5 /* stmarylake.jpg in Resources */ = {isa = PBXBuildFile; fileRef = D859DD122467B4F700BF77D5 /* stmarylake.jpg */; };
		D859DD202467B4F700BF77D5 /* yukon_charleyrivers.jpg in Resources */ = {isa = PBXBuildFile; fileRef = D859DD132467B4F700BF77D5 /* yukon_charleyrivers.jpg */; };
		D859DD212467B4F700BF77D5 /* lakemcdonald.jpg in Resources */ = {isa = PBXBuildFile; fileRef = D859DD142467B4F700BF77D5 /* lakemcdonald.jpg */; };
		D859DD222467B4F700BF77D5 /* hiddenlake.jpg in Resources */ = {isa = PBXBuildFile; fileRef = D859DD152467B4F700BF77D5 /* hiddenlake.jpg */; };
		D859DD232467B4F700BF77D5 /* landmarkData.json in Resources */ = {isa = PBXBuildFile; fileRef = D859DD162467B4F700BF77D5 /* landmarkData.json */; };
		D859DD242467B4F700BF77D5 /* umbagog.jpg in Resources */ = {isa = PBXBuildFile; fileRef = D859DD172467B4F700BF77D5 /* umbagog.jpg */; };
		D859DD252467B4F700BF77D5 /* icybay.jpg in Resources */ = {isa = PBXBuildFile; fileRef = D859DD182467B4F700BF77D5 /* icybay.jpg */; };
		D859DD292467B79300BF77D5 /* LandmarkRow.swift in Sources */ = {isa = PBXBuildFile; fileRef = D859DD282467B79300BF77D5 /* LandmarkRow.swift */; };
		D859DD2B2467BD0700BF77D5 /* LandmarkList.swift in Sources */ = {isa = PBXBuildFile; fileRef = D859DD2A2467BD0700BF77D5 /* LandmarkList.swift */; };
		D878CC6C24684949008BA3F7 /* photo_profile.jpg in Resources */ = {isa = PBXBuildFile; fileRef = D878CC6B24684949008BA3F7 /* photo_profile.jpg */; };
		D878CC7C24684C25008BA3F7 /* yukon_charleyrivers.jpg in Resources */ = {isa = PBXBuildFile; fileRef = D878CC6E24684C24008BA3F7 /* yukon_charleyrivers.jpg */; };
		D878CC7D24684C25008BA3F7 /* chilkoottrail.jpg in Resources */ = {isa = PBXBuildFile; fileRef = D878CC6F24684C24008BA3F7 /* chilkoottrail.jpg */; };
		D878CC7E24684C25008BA3F7 /* turtlerock.jpg in Resources */ = {isa = PBXBuildFile; fileRef = D878CC7024684C24008BA3F7 /* turtlerock.jpg */; };
		D878CC7F24684C25008BA3F7 /* silversalmoncreek.jpg in Resources */ = {isa = PBXBuildFile; fileRef = D878CC7124684C24008BA3F7 /* silversalmoncreek.jpg */; };
		D878CC8024684C25008BA3F7 /* stmarylake.jpg in Resources */ = {isa = PBXBuildFile; fileRef = D878CC7224684C24008BA3F7 /* stmarylake.jpg */; };
		D878CC8124684C25008BA3F7 /* twinlake.jpg in Resources */ = {isa = PBXBuildFile; fileRef = D878CC7324684C24008BA3F7 /* twinlake.jpg */; };
		D878CC8224684C25008BA3F7 /* rainbowlake.jpg in Resources */ = {isa = PBXBuildFile; fileRef = D878CC7424684C24008BA3F7 /* rainbowlake.jpg */; };
		D878CC8324684C25008BA3F7 /* umbagog.jpg in Resources */ = {isa = PBXBuildFile; fileRef = D878CC7524684C24008BA3F7 /* umbagog.jpg */; };
		D878CC8424684C25008BA3F7 /* chincoteague.jpg in Resources */ = {isa = PBXBuildFile; fileRef = D878CC7624684C24008BA3F7 /* chincoteague.jpg */; };
		D878CC8524684C25008BA3F7 /* lakemcdonald.jpg in Resources */ = {isa = PBXBuildFile; fileRef = D878CC7724684C24008BA3F7 /* lakemcdonald.jpg */; };
		D878CC8624684C25008BA3F7 /* hiddenlake.jpg in Resources */ = {isa = PBXBuildFile; fileRef = D878CC7824684C24008BA3F7 /* hiddenlake.jpg */; };
		D878CC8724684C25008BA3F7 /* charleyrivers.jpg in Resources */ = {isa = PBXBuildFile; fileRef = D878CC7924684C25008BA3F7 /* charleyrivers.jpg */; };
		D878CC8824684C25008BA3F7 /* photo_profile.jpg in Resources */ = {isa = PBXBuildFile; fileRef = D878CC7A24684C25008BA3F7 /* photo_profile.jpg */; };
		D878CC8924684C25008BA3F7 /* icybay.jpg in Resources */ = {isa = PBXBuildFile; fileRef = D878CC7B24684C25008BA3F7 /* icybay.jpg */; };
/* End PBXBuildFile section */

/* Begin PBXContainerItemProxy section */
		283986D522B1A5F30027DE25 /* PBXContainerItemProxy */ = {
			isa = PBXContainerItemProxy;
			containerPortal = 283986B622B1A5F00027DE25 /* Project object */;
			proxyType = 1;
			remoteGlobalIDString = 283986BD22B1A5F00027DE25;
			remoteInfo = SwiftUITest;
		};
		283986E022B1A5F30027DE25 /* PBXContainerItemProxy */ = {
			isa = PBXContainerItemProxy;
			containerPortal = 283986B622B1A5F00027DE25 /* Project object */;
			proxyType = 1;
			remoteGlobalIDString = 283986BD22B1A5F00027DE25;
			remoteInfo = SwiftUITest;
		};
/* End PBXContainerItemProxy section */

/* Begin PBXFileReference section */
		281C368A2478C218006539AD /* HikeView.swift */ = {isa = PBXFileReference; lastKnownFileType = sourcecode.swift; path = HikeView.swift; sourceTree = "<group>"; };
		281C368C2478C23F006539AD /* Hike.swift */ = {isa = PBXFileReference; lastKnownFileType = sourcecode.swift; path = Hike.swift; sourceTree = "<group>"; };
		281C368E2478C26D006539AD /* HikeGraph.swift */ = {isa = PBXFileReference; lastKnownFileType = sourcecode.swift; path = HikeGraph.swift; sourceTree = "<group>"; };
		281C36902478C290006539AD /* HikeDetail.swift */ = {isa = PBXFileReference; lastKnownFileType = sourcecode.swift; path = HikeDetail.swift; sourceTree = "<group>"; };
		281C36922478C2EE006539AD /* hikeData.json */ = {isa = PBXFileReference; lastKnownFileType = text.json; path = hikeData.json; sourceTree = "<group>"; };
		281C36942478C323006539AD /* GraphCapsule.swift */ = {isa = PBXFileReference; lastKnownFileType = sourcecode.swift; path = GraphCapsule.swift; sourceTree = "<group>"; };
		281C36972478C6BB006539AD /* CategoryHome.swift */ = {isa = PBXFileReference; lastKnownFileType = sourcecode.swift; path = CategoryHome.swift; sourceTree = "<group>"; };
		281C36992478C8BA006539AD /* CategoryRow.swift */ = {isa = PBXFileReference; lastKnownFileType = sourcecode.swift; path = CategoryRow.swift; sourceTree = "<group>"; };
		281C369B2478CB7C006539AD /* CategoryItem.swift */ = {isa = PBXFileReference; lastKnownFileType = sourcecode.swift; path = CategoryItem.swift; sourceTree = "<group>"; };
		281C369D2478CC4D006539AD /* FeaturedLandmarks.swift */ = {isa = PBXFileReference; lastKnownFileType = sourcecode.swift; path = FeaturedLandmarks.swift; sourceTree = "<group>"; };
		281C36A02478DCD0006539AD /* ProfileHost.swift */ = {isa = PBXFileReference; lastKnownFileType = sourcecode.swift; path = ProfileHost.swift; sourceTree = "<group>"; };
		281C36A22478DD64006539AD /* Profile.swift */ = {isa = PBXFileReference; lastKnownFileType = sourcecode.swift; path = Profile.swift; sourceTree = "<group>"; };
		281C36A42478DDF4006539AD /* ProfileSummary.swift */ = {isa = PBXFileReference; lastKnownFileType = sourcecode.swift; path = ProfileSummary.swift; sourceTree = "<group>"; };
		281C36A62478DF8C006539AD /* HikeBadge.swift */ = {isa = PBXFileReference; lastKnownFileType = sourcecode.swift; path = HikeBadge.swift; sourceTree = "<group>"; };
		283986BE22B1A5F00027DE25 /* SwiftUITest.app */ = {isa = PBXFileReference; explicitFileType = wrapper.application; includeInIndex = 0; path = SwiftUITest.app; sourceTree = BUILT_PRODUCTS_DIR; };
		283986C122B1A5F00027DE25 /* AppDelegate.swift */ = {isa = PBXFileReference; lastKnownFileType = sourcecode.swift; path = AppDelegate.swift; sourceTree = "<group>"; };
		283986C322B1A5F00027DE25 /* SceneDelegate.swift */ = {isa = PBXFileReference; lastKnownFileType = sourcecode.swift; path = SceneDelegate.swift; sourceTree = "<group>"; };
		283986C522B1A5F00027DE25 /* LandmarkDetail.swift */ = {isa = PBXFileReference; lastKnownFileType = sourcecode.swift; path = LandmarkDetail.swift; sourceTree = "<group>"; };
		283986C722B1A5F30027DE25 /* Assets.xcassets */ = {isa = PBXFileReference; lastKnownFileType = folder.assetcatalog; path = Assets.xcassets; sourceTree = "<group>"; };
		283986CA22B1A5F30027DE25 /* Preview Assets.xcassets */ = {isa = PBXFileReference; lastKnownFileType = folder.assetcatalog; path = "Preview Assets.xcassets"; sourceTree = "<group>"; };
		283986CD22B1A5F30027DE25 /* Base */ = {isa = PBXFileReference; lastKnownFileType = file.storyboard; name = Base; path = Base.lproj/LaunchScreen.storyboard; sourceTree = "<group>"; };
		283986CF22B1A5F30027DE25 /* Info.plist */ = {isa = PBXFileReference; lastKnownFileType = text.plist.xml; path = Info.plist; sourceTree = "<group>"; };
		283986D422B1A5F30027DE25 /* SwiftUITestTests.xctest */ = {isa = PBXFileReference; explicitFileType = wrapper.cfbundle; includeInIndex = 0; path = SwiftUITestTests.xctest; sourceTree = BUILT_PRODUCTS_DIR; };
		283986D822B1A5F30027DE25 /* SwiftUITestTests.swift */ = {isa = PBXFileReference; lastKnownFileType = sourcecode.swift; path = SwiftUITestTests.swift; sourceTree = "<group>"; };
		283986DA22B1A5F30027DE25 /* Info.plist */ = {isa = PBXFileReference; lastKnownFileType = text.plist.xml; path = Info.plist; sourceTree = "<group>"; };
		283986DF22B1A5F30027DE25 /* SwiftUITestUITests.xctest */ = {isa = PBXFileReference; explicitFileType = wrapper.cfbundle; includeInIndex = 0; path = SwiftUITestUITests.xctest; sourceTree = BUILT_PRODUCTS_DIR; };
		283986E322B1A5F30027DE25 /* SwiftUITestUITests.swift */ = {isa = PBXFileReference; lastKnownFileType = sourcecode.swift; path = SwiftUITestUITests.swift; sourceTree = "<group>"; };
		283986E522B1A5F30027DE25 /* Info.plist */ = {isa = PBXFileReference; lastKnownFileType = text.plist.xml; path = Info.plist; sourceTree = "<group>"; };
		283986F122B1E54C0027DE25 /* CircleImage.swift */ = {isa = PBXFileReference; lastKnownFileType = sourcecode.swift; path = CircleImage.swift; sourceTree = "<group>"; };
		283986F322B1E6300027DE25 /* MapView.swift */ = {isa = PBXFileReference; lastKnownFileType = sourcecode.swift; path = MapView.swift; sourceTree = "<group>"; };
		284FCBBA2479612D00CE3C58 /* ProfileEditor.swift */ = {isa = PBXFileReference; lastKnownFileType = sourcecode.swift; path = ProfileEditor.swift; sourceTree = "<group>"; };
		289C6A872479A36A00D7F27D /* PageViewController.swift */ = {isa = PBXFileReference; lastKnownFileType = sourcecode.swift; path = PageViewController.swift; sourceTree = "<group>"; };
		289C6A892479A46E00D7F27D /* PageView.swift */ = {isa = PBXFileReference; lastKnownFileType = sourcecode.swift; path = PageView.swift; sourceTree = "<group>"; };
		289C6A8B2479A7D700D7F27D /* FeatureCard.swift */ = {isa = PBXFileReference; lastKnownFileType = sourcecode.swift; path = FeatureCard.swift; sourceTree = "<group>"; };
		289C6A8D2479B40600D7F27D /* PageControl.swift */ = {isa = PBXFileReference; lastKnownFileType = sourcecode.swift; path = PageControl.swift; sourceTree = "<group>"; };
		D80231532468B50B00B0E527 /* UserData.swift */ = {isa = PBXFileReference; lastKnownFileType = sourcecode.swift; path = UserData.swift; sourceTree = "<group>"; };
		D80231562468E46D00B0E527 /* BadgeBackground.swift */ = {isa = PBXFileReference; lastKnownFileType = sourcecode.swift; path = BadgeBackground.swift; sourceTree = "<group>"; };
		D80231582468E4A400B0E527 /* HexagonParameters.swift */ = {isa = PBXFileReference; lastKnownFileType = sourcecode.swift; path = HexagonParameters.swift; sourceTree = "<group>"; };
		D802315A2468EBC600B0E527 /* Badge.swift */ = {isa = PBXFileReference; lastKnownFileType = sourcecode.swift; path = Badge.swift; sourceTree = "<group>"; };
		D802315C2468EBEC00B0E527 /* BadgeSymbol.swift */ = {isa = PBXFileReference; lastKnownFileType = sourcecode.swift; path = BadgeSymbol.swift; sourceTree = "<group>"; };
		D802315E2468ECF800B0E527 /* RotatedBadgeSymbol.swift */ = {isa = PBXFileReference; lastKnownFileType = sourcecode.swift; path = RotatedBadgeSymbol.swift; sourceTree = "<group>"; };
		D80231612468F0A800B0E527 /* Test.swift */ = {isa = PBXFileReference; lastKnownFileType = sourcecode.swift; path = Test.swift; sourceTree = "<group>"; };
		D859DD072467B31100BF77D5 /* Landmark.swift */ = {isa = PBXFileReference; lastKnownFileType = sourcecode.swift; path = Landmark.swift; sourceTree = "<group>"; };
		D859DD092467B48C00BF77D5 /* Data.swift */ = {isa = PBXFileReference; lastKnownFileType = sourcecode.swift; path = Data.swift; sourceTree = "<group>"; };
		D859DD0C2467B4F600BF77D5 /* silversalmoncreek.jpg */ = {isa = PBXFileReference; lastKnownFileType = image.jpeg; path = silversalmoncreek.jpg; sourceTree = "<group>"; };
		D859DD0D2467B4F600BF77D5 /* rainbowlake.jpg */ = {isa = PBXFileReference; lastKnownFileType = image.jpeg; path = rainbowlake.jpg; sourceTree = "<group>"; };
		D859DD0E2467B4F600BF77D5 /* chilkoottrail.jpg */ = {isa = PBXFileReference; lastKnownFileType = image.jpeg; path = chilkoottrail.jpg; sourceTree = "<group>"; };
		D859DD0F2467B4F600BF77D5 /* twinlake.jpg */ = {isa = PBXFileReference; lastKnownFileType = image.jpeg; path = twinlake.jpg; sourceTree = "<group>"; };
		D859DD102467B4F700BF77D5 /* turtlerock.jpg */ = {isa = PBXFileReference; lastKnownFileType = image.jpeg; path = turtlerock.jpg; sourceTree = "<group>"; };
		D859DD112467B4F700BF77D5 /* chincoteague.jpg */ = {isa = PBXFileReference; lastKnownFileType = image.jpeg; path = chincoteague.jpg; sourceTree = "<group>"; };
		D859DD122467B4F700BF77D5 /* stmarylake.jpg */ = {isa = PBXFileReference; lastKnownFileType = image.jpeg; path = stmarylake.jpg; sourceTree = "<group>"; };
		D859DD132467B4F700BF77D5 /* yukon_charleyrivers.jpg */ = {isa = PBXFileReference; lastKnownFileType = image.jpeg; path = yukon_charleyrivers.jpg; sourceTree = "<group>"; };
		D859DD142467B4F700BF77D5 /* lakemcdonald.jpg */ = {isa = PBXFileReference; lastKnownFileType = image.jpeg; path = lakemcdonald.jpg; sourceTree = "<group>"; };
		D859DD152467B4F700BF77D5 /* hiddenlake.jpg */ = {isa = PBXFileReference; lastKnownFileType = image.jpeg; path = hiddenlake.jpg; sourceTree = "<group>"; };
		D859DD162467B4F700BF77D5 /* landmarkData.json */ = {isa = PBXFileReference; fileEncoding = 4; lastKnownFileType = text.json; path = landmarkData.json; sourceTree = "<group>"; };
		D859DD172467B4F700BF77D5 /* umbagog.jpg */ = {isa = PBXFileReference; lastKnownFileType = image.jpeg; path = umbagog.jpg; sourceTree = "<group>"; };
		D859DD182467B4F700BF77D5 /* icybay.jpg */ = {isa = PBXFileReference; lastKnownFileType = image.jpeg; path = icybay.jpg; sourceTree = "<group>"; };
		D859DD282467B79300BF77D5 /* LandmarkRow.swift */ = {isa = PBXFileReference; lastKnownFileType = sourcecode.swift; path = LandmarkRow.swift; sourceTree = "<group>"; };
		D859DD2A2467BD0700BF77D5 /* LandmarkList.swift */ = {isa = PBXFileReference; lastKnownFileType = sourcecode.swift; path = LandmarkList.swift; sourceTree = "<group>"; };
		D878CC6B24684949008BA3F7 /* photo_profile.jpg */ = {isa = PBXFileReference; lastKnownFileType = image.jpeg; path = photo_profile.jpg; sourceTree = "<group>"; };
		D878CC6E24684C24008BA3F7 /* yukon_charleyrivers.jpg */ = {isa = PBXFileReference; lastKnownFileType = image.jpeg; path = yukon_charleyrivers.jpg; sourceTree = "<group>"; };
		D878CC6F24684C24008BA3F7 /* chilkoottrail.jpg */ = {isa = PBXFileReference; lastKnownFileType = image.jpeg; path = chilkoottrail.jpg; sourceTree = "<group>"; };
		D878CC7024684C24008BA3F7 /* turtlerock.jpg */ = {isa = PBXFileReference; lastKnownFileType = image.jpeg; path = turtlerock.jpg; sourceTree = "<group>"; };
		D878CC7124684C24008BA3F7 /* silversalmoncreek.jpg */ = {isa = PBXFileReference; lastKnownFileType = image.jpeg; path = silversalmoncreek.jpg; sourceTree = "<group>"; };
		D878CC7224684C24008BA3F7 /* stmarylake.jpg */ = {isa = PBXFileReference; lastKnownFileType = image.jpeg; path = stmarylake.jpg; sourceTree = "<group>"; };
		D878CC7324684C24008BA3F7 /* twinlake.jpg */ = {isa = PBXFileReference; lastKnownFileType = image.jpeg; path = twinlake.jpg; sourceTree = "<group>"; };
		D878CC7424684C24008BA3F7 /* rainbowlake.jpg */ = {isa = PBXFileReference; lastKnownFileType = image.jpeg; path = rainbowlake.jpg; sourceTree = "<group>"; };
		D878CC7524684C24008BA3F7 /* umbagog.jpg */ = {isa = PBXFileReference; lastKnownFileType = image.jpeg; path = umbagog.jpg; sourceTree = "<group>"; };
		D878CC7624684C24008BA3F7 /* chincoteague.jpg */ = {isa = PBXFileReference; lastKnownFileType = image.jpeg; path = chincoteague.jpg; sourceTree = "<group>"; };
		D878CC7724684C24008BA3F7 /* lakemcdonald.jpg */ = {isa = PBXFileReference; lastKnownFileType = image.jpeg; path = lakemcdonald.jpg; sourceTree = "<group>"; };
		D878CC7824684C24008BA3F7 /* hiddenlake.jpg */ = {isa = PBXFileReference; lastKnownFileType = image.jpeg; path = hiddenlake.jpg; sourceTree = "<group>"; };
		D878CC7924684C25008BA3F7 /* charleyrivers.jpg */ = {isa = PBXFileReference; lastKnownFileType = image.jpeg; path = charleyrivers.jpg; sourceTree = "<group>"; };
		D878CC7A24684C25008BA3F7 /* photo_profile.jpg */ = {isa = PBXFileReference; lastKnownFileType = image.jpeg; path = photo_profile.jpg; sourceTree = "<group>"; };
		D878CC7B24684C25008BA3F7 /* icybay.jpg */ = {isa = PBXFileReference; lastKnownFileType = image.jpeg; path = icybay.jpg; sourceTree = "<group>"; };
/* End PBXFileReference section */

/* Begin PBXFrameworksBuildPhase section */
		283986BB22B1A5F00027DE25 /* Frameworks */ = {
			isa = PBXFrameworksBuildPhase;
			buildActionMask = 2147483647;
			files = (
			);
			runOnlyForDeploymentPostprocessing = 0;
		};
		283986D122B1A5F30027DE25 /* Frameworks */ = {
			isa = PBXFrameworksBuildPhase;
			buildActionMask = 2147483647;
			files = (
			);
			runOnlyForDeploymentPostprocessing = 0;
		};
		283986DC22B1A5F30027DE25 /* Frameworks */ = {
			isa = PBXFrameworksBuildPhase;
			buildActionMask = 2147483647;
			files = (
			);
			runOnlyForDeploymentPostprocessing = 0;
		};
/* End PBXFrameworksBuildPhase section */

/* Begin PBXGroup section */
		281C36892478C201006539AD /* Animation */ = {
			isa = PBXGroup;
			children = (
				281C368A2478C218006539AD /* HikeView.swift */,
				281C368E2478C26D006539AD /* HikeGraph.swift */,
				281C36902478C290006539AD /* HikeDetail.swift */,
				281C36942478C323006539AD /* GraphCapsule.swift */,
				281C36A62478DF8C006539AD /* HikeBadge.swift */,
			);
			path = Animation;
			sourceTree = "<group>";
		};
		281C36962478C6AD006539AD /* Home */ = {
			isa = PBXGroup;
			children = (
				281C36972478C6BB006539AD /* CategoryHome.swift */,
				281C36992478C8BA006539AD /* CategoryRow.swift */,
				281C369B2478CB7C006539AD /* CategoryItem.swift */,
				281C369D2478CC4D006539AD /* FeaturedLandmarks.swift */,
				289C6A8B2479A7D700D7F27D /* FeatureCard.swift */,
			);
			path = Home;
			sourceTree = "<group>";
		};
		281C369F2478DCC8006539AD /* Profile */ = {
			isa = PBXGroup;
			children = (
				281C36A02478DCD0006539AD /* ProfileHost.swift */,
				281C36A42478DDF4006539AD /* ProfileSummary.swift */,
				284FCBBA2479612D00CE3C58 /* ProfileEditor.swift */,
			);
			path = Profile;
			sourceTree = "<group>";
		};
		283986B522B1A5F00027DE25 = {
			isa = PBXGroup;
			children = (
				283986C022B1A5F00027DE25 /* SwiftUITest */,
				283986D722B1A5F30027DE25 /* SwiftUITestTests */,
				283986E222B1A5F30027DE25 /* SwiftUITestUITests */,
				283986BF22B1A5F00027DE25 /* Products */,
			);
			sourceTree = "<group>";
		};
		283986BF22B1A5F00027DE25 /* Products */ = {
			isa = PBXGroup;
			children = (
				283986BE22B1A5F00027DE25 /* SwiftUITest.app */,
				283986D422B1A5F30027DE25 /* SwiftUITestTests.xctest */,
				283986DF22B1A5F30027DE25 /* SwiftUITestUITests.xctest */,
			);
			name = Products;
			sourceTree = "<group>";
		};
		283986C022B1A5F00027DE25 /* SwiftUITest */ = {
			isa = PBXGroup;
			children = (
				283986F722B1E94D0027DE25 /* AppConfigs */,
				D878CC6D24684AC6008BA3F7 /* Widgets */,
				283986F622B1E93B0027DE25 /* Supporting File */,
				283986C922B1A5F30027DE25 /* Preview Content */,
			);
			path = SwiftUITest;
			sourceTree = "<group>";
		};
		283986C922B1A5F30027DE25 /* Preview Content */ = {
			isa = PBXGroup;
			children = (
				283986CA22B1A5F30027DE25 /* Preview Assets.xcassets */,
			);
			path = "Preview Content";
			sourceTree = "<group>";
		};
		283986D722B1A5F30027DE25 /* SwiftUITestTests */ = {
			isa = PBXGroup;
			children = (
				283986D822B1A5F30027DE25 /* SwiftUITestTests.swift */,
				283986DA22B1A5F30027DE25 /* Info.plist */,
			);
			path = SwiftUITestTests;
			sourceTree = "<group>";
		};
		283986E222B1A5F30027DE25 /* SwiftUITestUITests */ = {
			isa = PBXGroup;
			children = (
				283986E322B1A5F30027DE25 /* SwiftUITestUITests.swift */,
				283986E522B1A5F30027DE25 /* Info.plist */,
			);
			path = SwiftUITestUITests;
			sourceTree = "<group>";
		};
		283986F522B1E8D20027DE25 /* Views */ = {
			isa = PBXGroup;
			children = (
				289C6A862479A35700D7F27D /* PageView */,
				281C369F2478DCC8006539AD /* Profile */,
				281C36962478C6AD006539AD /* Home */,
				281C36892478C201006539AD /* Animation */,
				D80231602468F09600B0E527 /* Drawing */,
				D80231552468E44E00B0E527 /* Badge */,
				D859DD272467B78600BF77D5 /* Landmarkes */,
				D859DD262467B77A00BF77D5 /* LandmarkDetail */,
			);
			path = Views;
			sourceTree = "<group>";
		};
		283986F622B1E93B0027DE25 /* Supporting File */ = {
			isa = PBXGroup;
			children = (
				D859DD0B2467B4E900BF77D5 /* Resources */,
				283986C722B1A5F30027DE25 /* Assets.xcassets */,
				283986CC22B1A5F30027DE25 /* LaunchScreen.storyboard */,
				283986CF22B1A5F30027DE25 /* Info.plist */,
			);
			path = "Supporting File";
			sourceTree = "<group>";
		};
		283986F722B1E94D0027DE25 /* AppConfigs */ = {
			isa = PBXGroup;
			children = (
				283986C122B1A5F00027DE25 /* AppDelegate.swift */,
				283986C322B1A5F00027DE25 /* SceneDelegate.swift */,
			);
			path = AppConfigs;
			sourceTree = "<group>";
		};
		289C6A862479A35700D7F27D /* PageView */ = {
			isa = PBXGroup;
			children = (
				289C6A872479A36A00D7F27D /* PageViewController.swift */,
				289C6A892479A46E00D7F27D /* PageView.swift */,
				289C6A8D2479B40600D7F27D /* PageControl.swift */,
			);
			path = PageView;
			sourceTree = "<group>";
		};
		D80231552468E44E00B0E527 /* Badge */ = {
			isa = PBXGroup;
			children = (
				D80231562468E46D00B0E527 /* BadgeBackground.swift */,
				D802315A2468EBC600B0E527 /* Badge.swift */,
				D802315C2468EBEC00B0E527 /* BadgeSymbol.swift */,
				D802315E2468ECF800B0E527 /* RotatedBadgeSymbol.swift */,
			);
			path = Badge;
			sourceTree = "<group>";
		};
		D80231602468F09600B0E527 /* Drawing */ = {
			isa = PBXGroup;
			children = (
				D80231612468F0A800B0E527 /* Test.swift */,
			);
			path = Drawing;
			sourceTree = "<group>";
		};
		D859DD062467B2FE00BF77D5 /* Models */ = {
			isa = PBXGroup;
			children = (
				D80231532468B50B00B0E527 /* UserData.swift */,
				D859DD072467B31100BF77D5 /* Landmark.swift */,
				D859DD092467B48C00BF77D5 /* Data.swift */,
				D80231582468E4A400B0E527 /* HexagonParameters.swift */,
				281C368C2478C23F006539AD /* Hike.swift */,
				281C36A22478DD64006539AD /* Profile.swift */,
			);
			path = Models;
			sourceTree = "<group>";
		};
		D859DD0B2467B4E900BF77D5 /* Resources */ = {
			isa = PBXGroup;
			children = (
				D878CC6B24684949008BA3F7 /* photo_profile.jpg */,
				D878CC7924684C25008BA3F7 /* charleyrivers.jpg */,
				D859DD0E2467B4F600BF77D5 /* chilkoottrail.jpg */,
				D859DD112467B4F700BF77D5 /* chincoteague.jpg */,
				D859DD152467B4F700BF77D5 /* hiddenlake.jpg */,
				D859DD182467B4F700BF77D5 /* icybay.jpg */,
				D878CC7824684C24008BA3F7 /* hiddenlake.jpg */,
				D878CC7B24684C25008BA3F7 /* icybay.jpg */,
				D859DD142467B4F700BF77D5 /* lakemcdonald.jpg */,
				D878CC6F24684C24008BA3F7 /* chilkoottrail.jpg */,
				D878CC7624684C24008BA3F7 /* chincoteague.jpg */,
				D878CC7724684C24008BA3F7 /* lakemcdonald.jpg */,
				D878CC7A24684C25008BA3F7 /* photo_profile.jpg */,
				D878CC7424684C24008BA3F7 /* rainbowlake.jpg */,
				D878CC7124684C24008BA3F7 /* silversalmoncreek.jpg */,
				D878CC7224684C24008BA3F7 /* stmarylake.jpg */,
				D878CC7024684C24008BA3F7 /* turtlerock.jpg */,
				D878CC7324684C24008BA3F7 /* twinlake.jpg */,
				D878CC7524684C24008BA3F7 /* umbagog.jpg */,
				D878CC6E24684C24008BA3F7 /* yukon_charleyrivers.jpg */,
				D859DD162467B4F700BF77D5 /* landmarkData.json */,
				D859DD0D2467B4F600BF77D5 /* rainbowlake.jpg */,
				D859DD0C2467B4F600BF77D5 /* silversalmoncreek.jpg */,
				D859DD122467B4F700BF77D5 /* stmarylake.jpg */,
				D859DD102467B4F700BF77D5 /* turtlerock.jpg */,
				D859DD0F2467B4F600BF77D5 /* twinlake.jpg */,
				D859DD172467B4F700BF77D5 /* umbagog.jpg */,
				D859DD132467B4F700BF77D5 /* yukon_charleyrivers.jpg */,
				281C36922478C2EE006539AD /* hikeData.json */,
			);
			path = Resources;
			sourceTree = "<group>";
		};
		D859DD262467B77A00BF77D5 /* LandmarkDetail */ = {
			isa = PBXGroup;
			children = (
				283986C522B1A5F00027DE25 /* LandmarkDetail.swift */,
				283986F122B1E54C0027DE25 /* CircleImage.swift */,
				283986F322B1E6300027DE25 /* MapView.swift */,
			);
			path = LandmarkDetail;
			sourceTree = "<group>";
		};
		D859DD272467B78600BF77D5 /* Landmarkes */ = {
			isa = PBXGroup;
			children = (
				D859DD282467B79300BF77D5 /* LandmarkRow.swift */,
				D859DD2A2467BD0700BF77D5 /* LandmarkList.swift */,
			);
			path = Landmarkes;
			sourceTree = "<group>";
		};
		D878CC6D24684AC6008BA3F7 /* Widgets */ = {
			isa = PBXGroup;
			children = (
				D859DD062467B2FE00BF77D5 /* Models */,
				283986F522B1E8D20027DE25 /* Views */,
			);
			path = Widgets;
			sourceTree = "<group>";
		};
/* End PBXGroup section */

/* Begin PBXNativeTarget section */
		283986BD22B1A5F00027DE25 /* SwiftUITest */ = {
			isa = PBXNativeTarget;
			buildConfigurationList = 283986E822B1A5F30027DE25 /* Build configuration list for PBXNativeTarget "SwiftUITest" */;
			buildPhases = (
				283986BA22B1A5F00027DE25 /* Sources */,
				283986BB22B1A5F00027DE25 /* Frameworks */,
				283986BC22B1A5F00027DE25 /* Resources */,
			);
			buildRules = (
			);
			dependencies = (
			);
			name = SwiftUITest;
			productName = SwiftUITest;
			productReference = 283986BE22B1A5F00027DE25 /* SwiftUITest.app */;
			productType = "com.apple.product-type.application";
		};
		283986D322B1A5F30027DE25 /* SwiftUITestTests */ = {
			isa = PBXNativeTarget;
			buildConfigurationList = 283986EB22B1A5F30027DE25 /* Build configuration list for PBXNativeTarget "SwiftUITestTests" */;
			buildPhases = (
				283986D022B1A5F30027DE25 /* Sources */,
				283986D122B1A5F30027DE25 /* Frameworks */,
				283986D222B1A5F30027DE25 /* Resources */,
			);
			buildRules = (
			);
			dependencies = (
				283986D622B1A5F30027DE25 /* PBXTargetDependency */,
			);
			name = SwiftUITestTests;
			productName = SwiftUITestTests;
			productReference = 283986D422B1A5F30027DE25 /* SwiftUITestTests.xctest */;
			productType = "com.apple.product-type.bundle.unit-test";
		};
		283986DE22B1A5F30027DE25 /* SwiftUITestUITests */ = {
			isa = PBXNativeTarget;
			buildConfigurationList = 283986EE22B1A5F30027DE25 /* Build configuration list for PBXNativeTarget "SwiftUITestUITests" */;
			buildPhases = (
				283986DB22B1A5F30027DE25 /* Sources */,
				283986DC22B1A5F30027DE25 /* Frameworks */,
				283986DD22B1A5F30027DE25 /* Resources */,
			);
			buildRules = (
			);
			dependencies = (
				283986E122B1A5F30027DE25 /* PBXTargetDependency */,
			);
			name = SwiftUITestUITests;
			productName = SwiftUITestUITests;
			productReference = 283986DF22B1A5F30027DE25 /* SwiftUITestUITests.xctest */;
			productType = "com.apple.product-type.bundle.ui-testing";
		};
/* End PBXNativeTarget section */

/* Begin PBXProject section */
		283986B622B1A5F00027DE25 /* Project object */ = {
			isa = PBXProject;
			attributes = {
				LastSwiftUpdateCheck = 1100;
				LastUpgradeCheck = 1100;
				ORGANIZATIONNAME = "Marcos Felipe Souza";
				TargetAttributes = {
					283986BD22B1A5F00027DE25 = {
						CreatedOnToolsVersion = 11.0;
					};
					283986D322B1A5F30027DE25 = {
						CreatedOnToolsVersion = 11.0;
						TestTargetID = 283986BD22B1A5F00027DE25;
					};
					283986DE22B1A5F30027DE25 = {
						CreatedOnToolsVersion = 11.0;
						TestTargetID = 283986BD22B1A5F00027DE25;
					};
				};
			};
			buildConfigurationList = 283986B922B1A5F00027DE25 /* Build configuration list for PBXProject "SwiftUITest" */;
			compatibilityVersion = "Xcode 9.3";
			developmentRegion = en;
			hasScannedForEncodings = 0;
			knownRegions = (
				en,
				Base,
			);
			mainGroup = 283986B522B1A5F00027DE25;
			productRefGroup = 283986BF22B1A5F00027DE25 /* Products */;
			projectDirPath = "";
			projectRoot = "";
			targets = (
				283986BD22B1A5F00027DE25 /* SwiftUITest */,
				283986D322B1A5F30027DE25 /* SwiftUITestTests */,
				283986DE22B1A5F30027DE25 /* SwiftUITestUITests */,
			);
		};
/* End PBXProject section */

/* Begin PBXResourcesBuildPhase section */
		283986BC22B1A5F00027DE25 /* Resources */ = {
			isa = PBXResourcesBuildPhase;
			buildActionMask = 2147483647;
			files = (
				283986CE22B1A5F30027DE25 /* LaunchScreen.storyboard in Resources */,
				D878CC7D24684C25008BA3F7 /* chilkoottrail.jpg in Resources */,
				D859DD222467B4F700BF77D5 /* hiddenlake.jpg in Resources */,
				D859DD1B2467B4F700BF77D5 /* chilkoottrail.jpg in Resources */,
				D878CC7E24684C25008BA3F7 /* turtlerock.jpg in Resources */,
				D859DD1A2467B4F700BF77D5 /* rainbowlake.jpg in Resources */,
				D878CC8624684C25008BA3F7 /* hiddenlake.jpg in Resources */,
				D878CC7C24684C25008BA3F7 /* yukon_charleyrivers.jpg in Resources */,
				D859DD1E2467B4F700BF77D5 /* chincoteague.jpg in Resources */,
				D859DD192467B4F700BF77D5 /* silversalmoncreek.jpg in Resources */,
				D859DD1D2467B4F700BF77D5 /* turtlerock.jpg in Resources */,
				D859DD212467B4F700BF77D5 /* lakemcdonald.jpg in Resources */,
				D859DD1F2467B4F700BF77D5 /* stmarylake.jpg in Resources */,
				D878CC8524684C25008BA3F7 /* lakemcdonald.jpg in Resources */,
				D878CC8924684C25008BA3F7 /* icybay.jpg in Resources */,
				D859DD242467B4F700BF77D5 /* umbagog.jpg in Resources */,
				D878CC8224684C25008BA3F7 /* rainbowlake.jpg in Resources */,
				D878CC6C24684949008BA3F7 /* photo_profile.jpg in Resources */,
				281C36932478C2EE006539AD /* hikeData.json in Resources */,
				D859DD252467B4F700BF77D5 /* icybay.jpg in Resources */,
				D878CC8724684C25008BA3F7 /* charleyrivers.jpg in Resources */,
				D859DD232467B4F700BF77D5 /* landmarkData.json in Resources */,
				D859DD202467B4F700BF77D5 /* yukon_charleyrivers.jpg in Resources */,
				D878CC8424684C25008BA3F7 /* chincoteague.jpg in Resources */,
				D859DD1C2467B4F700BF77D5 /* twinlake.jpg in Resources */,
				D878CC7F24684C25008BA3F7 /* silversalmoncreek.jpg in Resources */,
				283986CB22B1A5F30027DE25 /* Preview Assets.xcassets in Resources */,
				D878CC8124684C25008BA3F7 /* twinlake.jpg in Resources */,
				D878CC8824684C25008BA3F7 /* photo_profile.jpg in Resources */,
				D878CC8024684C25008BA3F7 /* stmarylake.jpg in Resources */,
				283986C822B1A5F30027DE25 /* Assets.xcassets in Resources */,
				D878CC8324684C25008BA3F7 /* umbagog.jpg in Resources */,
			);
			runOnlyForDeploymentPostprocessing = 0;
		};
		283986D222B1A5F30027DE25 /* Resources */ = {
			isa = PBXResourcesBuildPhase;
			buildActionMask = 2147483647;
			files = (
			);
			runOnlyForDeploymentPostprocessing = 0;
		};
		283986DD22B1A5F30027DE25 /* Resources */ = {
			isa = PBXResourcesBuildPhase;
			buildActionMask = 2147483647;
			files = (
			);
			runOnlyForDeploymentPostprocessing = 0;
		};
/* End PBXResourcesBuildPhase section */

/* Begin PBXSourcesBuildPhase section */
		283986BA22B1A5F00027DE25 /* Sources */ = {
			isa = PBXSourcesBuildPhase;
			buildActionMask = 2147483647;
			files = (
				D80231592468E4A400B0E527 /* HexagonParameters.swift in Sources */,
				289C6A8A2479A46E00D7F27D /* PageView.swift in Sources */,
				D859DD0A2467B48C00BF77D5 /* Data.swift in Sources */,
				284FCBBB2479612D00CE3C58 /* ProfileEditor.swift in Sources */,
				281C36A52478DDF4006539AD /* ProfileSummary.swift in Sources */,
				283986C222B1A5F00027DE25 /* AppDelegate.swift in Sources */,
				D80231572468E46D00B0E527 /* BadgeBackground.swift in Sources */,
				281C36982478C6BB006539AD /* CategoryHome.swift in Sources */,
				281C36A12478DCD0006539AD /* ProfileHost.swift in Sources */,
				281C368F2478C26D006539AD /* HikeGraph.swift in Sources */,
				289C6A8C2479A7D700D7F27D /* FeatureCard.swift in Sources */,
				281C369A2478C8BA006539AD /* CategoryRow.swift in Sources */,
				283986F222B1E54C0027DE25 /* CircleImage.swift in Sources */,
				281C368B2478C218006539AD /* HikeView.swift in Sources */,
				281C368D2478C23F006539AD /* Hike.swift in Sources */,
				281C369C2478CB7C006539AD /* CategoryItem.swift in Sources */,
				289C6A882479A36A00D7F27D /* PageViewController.swift in Sources */,
				D80231622468F0A800B0E527 /* Test.swift in Sources */,
				283986F422B1E6300027DE25 /* MapView.swift in Sources */,
				D859DD2B2467BD0700BF77D5 /* LandmarkList.swift in Sources */,
				D802315D2468EBEC00B0E527 /* BadgeSymbol.swift in Sources */,
				D802315F2468ECF800B0E527 /* RotatedBadgeSymbol.swift in Sources */,
				283986C422B1A5F00027DE25 /* SceneDelegate.swift in Sources */,
				283986C622B1A5F00027DE25 /* LandmarkDetail.swift in Sources */,
				D859DD292467B79300BF77D5 /* LandmarkRow.swift in Sources */,
				281C36A72478DF8C006539AD /* HikeBadge.swift in Sources */,
				D80231542468B50B00B0E527 /* UserData.swift in Sources */,
				D802315B2468EBC600B0E527 /* Badge.swift in Sources */,
				281C369E2478CC4D006539AD /* FeaturedLandmarks.swift in Sources */,
				D859DD082467B31100BF77D5 /* Landmark.swift in Sources */,
				281C36912478C290006539AD /* HikeDetail.swift in Sources */,
				281C36A32478DD64006539AD /* Profile.swift in Sources */,
				289C6A8E2479B40600D7F27D /* PageControl.swift in Sources */,
				281C36952478C323006539AD /* GraphCapsule.swift in Sources */,
			);
			runOnlyForDeploymentPostprocessing = 0;
		};
		283986D022B1A5F30027DE25 /* Sources */ = {
			isa = PBXSourcesBuildPhase;
			buildActionMask = 2147483647;
			files = (
				283986D922B1A5F30027DE25 /* SwiftUITestTests.swift in Sources */,
			);
			runOnlyForDeploymentPostprocessing = 0;
		};
		283986DB22B1A5F30027DE25 /* Sources */ = {
			isa = PBXSourcesBuildPhase;
			buildActionMask = 2147483647;
			files = (
				283986E422B1A5F30027DE25 /* SwiftUITestUITests.swift in Sources */,
			);
			runOnlyForDeploymentPostprocessing = 0;
		};
/* End PBXSourcesBuildPhase section */

/* Begin PBXTargetDependency section */
		283986D622B1A5F30027DE25 /* PBXTargetDependency */ = {
			isa = PBXTargetDependency;
			target = 283986BD22B1A5F00027DE25 /* SwiftUITest */;
			targetProxy = 283986D522B1A5F30027DE25 /* PBXContainerItemProxy */;
		};
		283986E122B1A5F30027DE25 /* PBXTargetDependency */ = {
			isa = PBXTargetDependency;
			target = 283986BD22B1A5F00027DE25 /* SwiftUITest */;
			targetProxy = 283986E022B1A5F30027DE25 /* PBXContainerItemProxy */;
		};
/* End PBXTargetDependency section */

/* Begin PBXVariantGroup section */
		283986CC22B1A5F30027DE25 /* LaunchScreen.storyboard */ = {
			isa = PBXVariantGroup;
			children = (
				283986CD22B1A5F30027DE25 /* Base */,
			);
			name = LaunchScreen.storyboard;
			sourceTree = "<group>";
		};
/* End PBXVariantGroup section */

/* Begin XCBuildConfiguration section */
		283986E622B1A5F30027DE25 /* Debug */ = {
			isa = XCBuildConfiguration;
			buildSettings = {
				ALWAYS_SEARCH_USER_PATHS = NO;
				CLANG_ANALYZER_NONNULL = YES;
				CLANG_ANALYZER_NUMBER_OBJECT_CONVERSION = YES_AGGRESSIVE;
				CLANG_CXX_LANGUAGE_STANDARD = "gnu++14";
				CLANG_CXX_LIBRARY = "libc++";
				CLANG_ENABLE_MODULES = YES;
				CLANG_ENABLE_OBJC_ARC = YES;
				CLANG_ENABLE_OBJC_WEAK = YES;
				CLANG_WARN_BLOCK_CAPTURE_AUTORELEASING = YES;
				CLANG_WARN_BOOL_CONVERSION = YES;
				CLANG_WARN_COMMA = YES;
				CLANG_WARN_CONSTANT_CONVERSION = YES;
				CLANG_WARN_DEPRECATED_OBJC_IMPLEMENTATIONS = YES;
				CLANG_WARN_DIRECT_OBJC_ISA_USAGE = YES_ERROR;
				CLANG_WARN_DOCUMENTATION_COMMENTS = YES;
				CLANG_WARN_EMPTY_BODY = YES;
				CLANG_WARN_ENUM_CONVERSION = YES;
				CLANG_WARN_INFINITE_RECURSION = YES;
				CLANG_WARN_INT_CONVERSION = YES;
				CLANG_WARN_NON_LITERAL_NULL_CONVERSION = YES;
				CLANG_WARN_OBJC_IMPLICIT_RETAIN_SELF = YES;
				CLANG_WARN_OBJC_LITERAL_CONVERSION = YES;
				CLANG_WARN_OBJC_ROOT_CLASS = YES_ERROR;
				CLANG_WARN_RANGE_LOOP_ANALYSIS = YES;
				CLANG_WARN_STRICT_PROTOTYPES = YES;
				CLANG_WARN_SUSPICIOUS_MOVE = YES;
				CLANG_WARN_UNGUARDED_AVAILABILITY = YES_AGGRESSIVE;
				CLANG_WARN_UNREACHABLE_CODE = YES;
				CLANG_WARN__DUPLICATE_METHOD_MATCH = YES;
				COPY_PHASE_STRIP = NO;
				DEBUG_INFORMATION_FORMAT = dwarf;
				ENABLE_STRICT_OBJC_MSGSEND = YES;
				ENABLE_TESTABILITY = YES;
				GCC_C_LANGUAGE_STANDARD = gnu11;
				GCC_DYNAMIC_NO_PIC = NO;
				GCC_NO_COMMON_BLOCKS = YES;
				GCC_OPTIMIZATION_LEVEL = 0;
				GCC_PREPROCESSOR_DEFINITIONS = (
					"DEBUG=1",
					"$(inherited)",
				);
				GCC_WARN_64_TO_32_BIT_CONVERSION = YES;
				GCC_WARN_ABOUT_RETURN_TYPE = YES_ERROR;
				GCC_WARN_UNDECLARED_SELECTOR = YES;
				GCC_WARN_UNINITIALIZED_AUTOS = YES_AGGRESSIVE;
				GCC_WARN_UNUSED_FUNCTION = YES;
				GCC_WARN_UNUSED_VARIABLE = YES;
				IPHONEOS_DEPLOYMENT_TARGET = 13.0;
				MTL_ENABLE_DEBUG_INFO = INCLUDE_SOURCE;
				MTL_FAST_MATH = YES;
				ONLY_ACTIVE_ARCH = YES;
				SDKROOT = iphoneos;
				SWIFT_ACTIVE_COMPILATION_CONDITIONS = DEBUG;
				SWIFT_OPTIMIZATION_LEVEL = "-Onone";
			};
			name = Debug;
		};
		283986E722B1A5F30027DE25 /* Release */ = {
			isa = XCBuildConfiguration;
			buildSettings = {
				ALWAYS_SEARCH_USER_PATHS = NO;
				CLANG_ANALYZER_NONNULL = YES;
				CLANG_ANALYZER_NUMBER_OBJECT_CONVERSION = YES_AGGRESSIVE;
				CLANG_CXX_LANGUAGE_STANDARD = "gnu++14";
				CLANG_CXX_LIBRARY = "libc++";
				CLANG_ENABLE_MODULES = YES;
				CLANG_ENABLE_OBJC_ARC = YES;
				CLANG_ENABLE_OBJC_WEAK = YES;
				CLANG_WARN_BLOCK_CAPTURE_AUTORELEASING = YES;
				CLANG_WARN_BOOL_CONVERSION = YES;
				CLANG_WARN_COMMA = YES;
				CLANG_WARN_CONSTANT_CONVERSION = YES;
				CLANG_WARN_DEPRECATED_OBJC_IMPLEMENTATIONS = YES;
				CLANG_WARN_DIRECT_OBJC_ISA_USAGE = YES_ERROR;
				CLANG_WARN_DOCUMENTATION_COMMENTS = YES;
				CLANG_WARN_EMPTY_BODY = YES;
				CLANG_WARN_ENUM_CONVERSION = YES;
				CLANG_WARN_INFINITE_RECURSION = YES;
				CLANG_WARN_INT_CONVERSION = YES;
				CLANG_WARN_NON_LITERAL_NULL_CONVERSION = YES;
				CLANG_WARN_OBJC_IMPLICIT_RETAIN_SELF = YES;
				CLANG_WARN_OBJC_LITERAL_CONVERSION = YES;
				CLANG_WARN_OBJC_ROOT_CLASS = YES_ERROR;
				CLANG_WARN_RANGE_LOOP_ANALYSIS = YES;
				CLANG_WARN_STRICT_PROTOTYPES = YES;
				CLANG_WARN_SUSPICIOUS_MOVE = YES;
				CLANG_WARN_UNGUARDED_AVAILABILITY = YES_AGGRESSIVE;
				CLANG_WARN_UNREACHABLE_CODE = YES;
				CLANG_WARN__DUPLICATE_METHOD_MATCH = YES;
				COPY_PHASE_STRIP = NO;
				DEBUG_INFORMATION_FORMAT = "dwarf-with-dsym";
				ENABLE_NS_ASSERTIONS = NO;
				ENABLE_STRICT_OBJC_MSGSEND = YES;
				GCC_C_LANGUAGE_STANDARD = gnu11;
				GCC_NO_COMMON_BLOCKS = YES;
				GCC_WARN_64_TO_32_BIT_CONVERSION = YES;
				GCC_WARN_ABOUT_RETURN_TYPE = YES_ERROR;
				GCC_WARN_UNDECLARED_SELECTOR = YES;
				GCC_WARN_UNINITIALIZED_AUTOS = YES_AGGRESSIVE;
				GCC_WARN_UNUSED_FUNCTION = YES;
				GCC_WARN_UNUSED_VARIABLE = YES;
				IPHONEOS_DEPLOYMENT_TARGET = 13.0;
				MTL_ENABLE_DEBUG_INFO = NO;
				MTL_FAST_MATH = YES;
				SDKROOT = iphoneos;
				SWIFT_COMPILATION_MODE = wholemodule;
				SWIFT_OPTIMIZATION_LEVEL = "-O";
				VALIDATE_PRODUCT = YES;
			};
			name = Release;
		};
		283986E922B1A5F30027DE25 /* Debug */ = {
			isa = XCBuildConfiguration;
			buildSettings = {
				ASSETCATALOG_COMPILER_APPICON_NAME = AppIcon;
				CODE_SIGN_STYLE = Automatic;
				DEVELOPMENT_ASSET_PATHS = "SwiftUITest/Preview\\ Content";
				ENABLE_PREVIEWS = YES;
				INFOPLIST_FILE = "SwiftUITest/Supporting File/Info.plist";
				LD_RUNPATH_SEARCH_PATHS = (
					"$(inherited)",
					"@executable_path/Frameworks",
				);
				PRODUCT_BUNDLE_IDENTIFIER = com.mfelipesp.SwiftUITest;
				PRODUCT_NAME = "$(TARGET_NAME)";
				SWIFT_VERSION = 5.0;
				TARGETED_DEVICE_FAMILY = "1,2";
			};
			name = Debug;
		};
		283986EA22B1A5F30027DE25 /* Release */ = {
			isa = XCBuildConfiguration;
			buildSettings = {
				ASSETCATALOG_COMPILER_APPICON_NAME = AppIcon;
				CODE_SIGN_STYLE = Automatic;
				DEVELOPMENT_ASSET_PATHS = "SwiftUITest/Preview\\ Content";
				ENABLE_PREVIEWS = YES;
				INFOPLIST_FILE = "SwiftUITest/Supporting File/Info.plist";
				LD_RUNPATH_SEARCH_PATHS = (
					"$(inherited)",
					"@executable_path/Frameworks",
				);
				PRODUCT_BUNDLE_IDENTIFIER = com.mfelipesp.SwiftUITest;
				PRODUCT_NAME = "$(TARGET_NAME)";
				SWIFT_VERSION = 5.0;
				TARGETED_DEVICE_FAMILY = "1,2";
			};
			name = Release;
		};
		283986EC22B1A5F30027DE25 /* Debug */ = {
			isa = XCBuildConfiguration;
			buildSettings = {
				ALWAYS_EMBED_SWIFT_STANDARD_LIBRARIES = YES;
				BUNDLE_LOADER = "$(TEST_HOST)";
				CODE_SIGN_STYLE = Automatic;
				INFOPLIST_FILE = SwiftUITestTests/Info.plist;
				LD_RUNPATH_SEARCH_PATHS = (
					"$(inherited)",
					"@executable_path/Frameworks",
					"@loader_path/Frameworks",
				);
				PRODUCT_BUNDLE_IDENTIFIER = com.mfelipesp.SwiftUITestTests;
				PRODUCT_NAME = "$(TARGET_NAME)";
				SWIFT_VERSION = 5.0;
				TARGETED_DEVICE_FAMILY = "1,2";
				TEST_HOST = "$(BUILT_PRODUCTS_DIR)/SwiftUITest.app/SwiftUITest";
			};
			name = Debug;
		};
		283986ED22B1A5F30027DE25 /* Release */ = {
			isa = XCBuildConfiguration;
			buildSettings = {
				ALWAYS_EMBED_SWIFT_STANDARD_LIBRARIES = YES;
				BUNDLE_LOADER = "$(TEST_HOST)";
				CODE_SIGN_STYLE = Automatic;
				INFOPLIST_FILE = SwiftUITestTests/Info.plist;
				LD_RUNPATH_SEARCH_PATHS = (
					"$(inherited)",
					"@executable_path/Frameworks",
					"@loader_path/Frameworks",
				);
				PRODUCT_BUNDLE_IDENTIFIER = com.mfelipesp.SwiftUITestTests;
				PRODUCT_NAME = "$(TARGET_NAME)";
				SWIFT_VERSION = 5.0;
				TARGETED_DEVICE_FAMILY = "1,2";
				TEST_HOST = "$(BUILT_PRODUCTS_DIR)/SwiftUITest.app/SwiftUITest";
			};
			name = Release;
		};
		283986EF22B1A5F30027DE25 /* Debug */ = {
			isa = XCBuildConfiguration;
			buildSettings = {
				ALWAYS_EMBED_SWIFT_STANDARD_LIBRARIES = YES;
				CODE_SIGN_STYLE = Automatic;
				INFOPLIST_FILE = SwiftUITestUITests/Info.plist;
				LD_RUNPATH_SEARCH_PATHS = (
					"$(inherited)",
					"@executable_path/Frameworks",
					"@loader_path/Frameworks",
				);
				PRODUCT_BUNDLE_IDENTIFIER = com.mfelipesp.SwiftUITestUITests;
				PRODUCT_NAME = "$(TARGET_NAME)";
				SWIFT_VERSION = 5.0;
				TARGETED_DEVICE_FAMILY = "1,2";
				TEST_TARGET_NAME = SwiftUITest;
			};
			name = Debug;
		};
		283986F022B1A5F30027DE25 /* Release */ = {
			isa = XCBuildConfiguration;
			buildSettings = {
				ALWAYS_EMBED_SWIFT_STANDARD_LIBRARIES = YES;
				CODE_SIGN_STYLE = Automatic;
				INFOPLIST_FILE = SwiftUITestUITests/Info.plist;
				LD_RUNPATH_SEARCH_PATHS = (
					"$(inherited)",
					"@executable_path/Frameworks",
					"@loader_path/Frameworks",
				);
				PRODUCT_BUNDLE_IDENTIFIER = com.mfelipesp.SwiftUITestUITests;
				PRODUCT_NAME = "$(TARGET_NAME)";
				SWIFT_VERSION = 5.0;
				TARGETED_DEVICE_FAMILY = "1,2";
				TEST_TARGET_NAME = SwiftUITest;
			};
			name = Release;
		};
/* End XCBuildConfiguration section */

/* Begin XCConfigurationList section */
		283986B922B1A5F00027DE25 /* Build configuration list for PBXProject "SwiftUITest" */ = {
			isa = XCConfigurationList;
			buildConfigurations = (
				283986E622B1A5F30027DE25 /* Debug */,
				283986E722B1A5F30027DE25 /* Release */,
			);
			defaultConfigurationIsVisible = 0;
			defaultConfigurationName = Release;
		};
		283986E822B1A5F30027DE25 /* Build configuration list for PBXNativeTarget "SwiftUITest" */ = {
			isa = XCConfigurationList;
			buildConfigurations = (
				283986E922B1A5F30027DE25 /* Debug */,
				283986EA22B1A5F30027DE25 /* Release */,
			);
			defaultConfigurationIsVisible = 0;
			defaultConfigurationName = Release;
		};
		283986EB22B1A5F30027DE25 /* Build configuration list for PBXNativeTarget "SwiftUITestTests" */ = {
			isa = XCConfigurationList;
			buildConfigurations = (
				283986EC22B1A5F30027DE25 /* Debug */,
				283986ED22B1A5F30027DE25 /* Release */,
			);
			defaultConfigurationIsVisible = 0;
			defaultConfigurationName = Release;
		};
		283986EE22B1A5F30027DE25 /* Build configuration list for PBXNativeTarget "SwiftUITestUITests" */ = {
			isa = XCConfigurationList;
			buildConfigurations = (
				283986EF22B1A5F30027DE25 /* Debug */,
				283986F022B1A5F30027DE25 /* Release */,
			);
			defaultConfigurationIsVisible = 0;
			defaultConfigurationName = Release;
		};
/* End XCConfigurationList section */
	};
	rootObject = 283986B622B1A5F00027DE25 /* Project object */;
}
